
Microsoft Visual Studio Solution File, Format Version 12.00
# Visual Studio 15
VisualStudioVersion = 15.0.27004.2009
MinimumVisualStudioVersion = 10.0.40219.1
Project("{FAE04EC0-301F-11D3-BF4B-00C04F79EFBC}") = "HackerRank_Algorithms_string", "HackerRank_Algorithms_string\HackerRank_Algorithms_string.csproj", "{B91628FB-EAE0-40A9-8588-AC979D639B05}"
EndProject
Global
	GlobalSection(SolutionConfigurationPlatforms) = preSolution
		Debug|Any CPU = Debug|Any CPU
		Release|Any CPU = Release|Any CPU
	EndGlobalSection
	GlobalSection(ProjectConfigurationPlatforms) = postSolution
		{B91628FB-EAE0-40A9-8588-AC979D639B05}.Debug|Any CPU.ActiveCfg = Debug|Any CPU
		{B91628FB-EAE0-40A9-8588-AC979D639B05}.Debug|Any CPU.Build.0 = Debug|Any CPU
		{B91628FB-EAE0-40A9-8588-AC979D639B05}.Release|Any CPU.ActiveCfg = Release|Any CPU
		{B91628FB-EAE0-40A9-8588-AC979D639B05}.Release|Any CPU.Build.0 = Release|Any CPU
	EndGlobalSection
	GlobalSection(SolutionProperties) = preSolution
		HideSolutionNode = FALSE
	EndGlobalSection
	GlobalSection(ExtensibilityGlobals) = postSolution
		SolutionGuid = {B7F946D6-6021-4E27-BB60-89592EA15E46}
	EndGlobalSection
EndGlobal
